
Microsoft Visual Studio Solution File, Format Version 12.00
# Visual Studio Version 17
VisualStudioVersion = 17.2.32526.322
MinimumVisualStudioVersion = 10.0.40219.1
Project("{9A19103F-16F7-4668-BE54-9A1E7A4F7556}") = "Builder", "Builder.csproj", "{97D8B084-B012-4E30-9F8B-518F7BFE4B01}"
EndProject
Project("{9A19103F-16F7-4668-BE54-9A1E7A4F7556}") = "enflow", "..\enflow\enflow.csproj", "{CC09BD19-5330-4320-AA9C-21DABD07886C}"
EndProject
Project("{C7167F0D-BC9F-4E6E-AFE1-012C56B48DB5}") = "enflow Preview", "..\enflow Preview\enflow Preview.wapproj", "{FA854CB7-72A5-4DA4-BD5B-EEF641DE85FD}"
EndProject
Project("{2150E333-8FDC-42A3-9474-1A3956D46DE8}") = "Solution Items", "Solution Items", "{929353C6-962F-47F8-9D0B-B2273DF396F9}"
	ProjectSection(SolutionItems) = preProject
		.editorconfig = .editorconfig
	EndProjectSection
EndProject
Global
	GlobalSection(SolutionConfigurationPlatforms) = preSolution
		Debug|Any CPU = Debug|Any CPU
		Debug|ARM = Debug|ARM
		Debug|ARM64 = Debug|ARM64
		Debug|x64 = Debug|x64
		Debug|x86 = Debug|x86
		Release|Any CPU = Release|Any CPU
		Release|ARM = Release|ARM
		Release|ARM64 = Release|ARM64
		Release|x64 = Release|x64
		Release|x86 = Release|x86
	EndGlobalSection
	GlobalSection(ProjectConfigurationPlatforms) = postSolution
		{97D8B084-B012-4E30-9F8B-518F7BFE4B01}.Debug|Any CPU.ActiveCfg = Debug|Any CPU
		{97D8B084-B012-4E30-9F8B-518F7BFE4B01}.Debug|Any CPU.Build.0 = Debug|Any CPU
		{97D8B084-B012-4E30-9F8B-518F7BFE4B01}.Debug|ARM.ActiveCfg = Debug|Any CPU
		{97D8B084-B012-4E30-9F8B-518F7BFE4B01}.Debug|ARM.Build.0 = Debug|Any CPU
		{97D8B084-B012-4E30-9F8B-518F7BFE4B01}.Debug|ARM64.ActiveCfg = Debug|Any CPU
		{97D8B084-B012-4E30-9F8B-518F7BFE4B01}.Debug|ARM64.Build.0 = Debug|Any CPU
		{97D8B084-B012-4E30-9F8B-518F7BFE4B01}.Debug|x64.ActiveCfg = Debug|Any CPU
		{97D8B084-B012-4E30-9F8B-518F7BFE4B01}.Debug|x64.Build.0 = Debug|Any CPU
		{97D8B084-B012-4E30-9F8B-518F7BFE4B01}.Debug|x86.ActiveCfg = Debug|Any CPU
		{97D8B084-B012-4E30-9F8B-518F7BFE4B01}.Debug|x86.Build.0 = Debug|Any CPU
		{97D8B084-B012-4E30-9F8B-518F7BFE4B01}.Release|Any CPU.ActiveCfg = Release|Any CPU
		{97D8B084-B012-4E30-9F8B-518F7BFE4B01}.Release|Any CPU.Build.0 = Release|Any CPU
		{97D8B084-B012-4E30-9F8B-518F7BFE4B01}.Release|ARM.ActiveCfg = Release|Any CPU
		{97D8B084-B012-4E30-9F8B-518F7BFE4B01}.Release|ARM.Build.0 = Release|Any CPU
		{97D8B084-B012-4E30-9F8B-518F7BFE4B01}.Release|ARM64.ActiveCfg = Release|Any CPU
		{97D8B084-B012-4E30-9F8B-518F7BFE4B01}.Release|ARM64.Build.0 = Release|Any CPU
		{97D8B084-B012-4E30-9F8B-518F7BFE4B01}.Release|x64.ActiveCfg = Release|Any CPU
		{97D8B084-B012-4E30-9F8B-518F7BFE4B01}.Release|x64.Build.0 = Release|Any CPU
		{97D8B084-B012-4E30-9F8B-518F7BFE4B01}.Release|x86.ActiveCfg = Release|Any CPU
		{97D8B084-B012-4E30-9F8B-518F7BFE4B01}.Release|x86.Build.0 = Release|Any CPU
		{CC09BD19-5330-4320-AA9C-21DABD07886C}.Debug|Any CPU.ActiveCfg = Debug|Any CPU
		{CC09BD19-5330-4320-AA9C-21DABD07886C}.Debug|Any CPU.Build.0 = Debug|Any CPU
		{CC09BD19-5330-4320-AA9C-21DABD07886C}.Debug|ARM.ActiveCfg = Debug|Any CPU
		{CC09BD19-5330-4320-AA9C-21DABD07886C}.Debug|ARM.Build.0 = Debug|Any CPU
		{CC09BD19-5330-4320-AA9C-21DABD07886C}.Debug|ARM64.ActiveCfg = Debug|Any CPU
		{CC09BD19-5330-4320-AA9C-21DABD07886C}.Debug|ARM64.Build.0 = Debug|Any CPU
		{CC09BD19-5330-4320-AA9C-21DABD07886C}.Debug|x64.ActiveCfg = Debug|Any CPU
		{CC09BD19-5330-4320-AA9C-21DABD07886C}.Debug|x64.Build.0 = Debug|Any CPU
		{CC09BD19-5330-4320-AA9C-21DABD07886C}.Debug|x86.ActiveCfg = Debug|Any CPU
		{CC09BD19-5330-4320-AA9C-21DABD07886C}.Debug|x86.Build.0 = Debug|Any CPU
		{CC09BD19-5330-4320-AA9C-21DABD07886C}.Release|Any CPU.ActiveCfg = Release|Any CPU
		{CC09BD19-5330-4320-AA9C-21DABD07886C}.Release|Any CPU.Build.0 = Release|Any CPU
		{CC09BD19-5330-4320-AA9C-21DABD07886C}.Release|ARM.ActiveCfg = Release|Any CPU
		{CC09BD19-5330-4320-AA9C-21DABD07886C}.Release|ARM.Build.0 = Release|Any CPU
		{CC09BD19-5330-4320-AA9C-21DABD07886C}.Release|ARM64.ActiveCfg = Release|Any CPU
		{CC09BD19-5330-4320-AA9C-21DABD07886C}.Release|ARM64.Build.0 = Release|Any CPU
		{CC09BD19-5330-4320-AA9C-21DABD07886C}.Release|x64.ActiveCfg = Release|Any CPU
		{CC09BD19-5330-4320-AA9C-21DABD07886C}.Release|x64.Build.0 = Release|Any CPU
		{CC09BD19-5330-4320-AA9C-21DABD07886C}.Release|x86.ActiveCfg = Release|Any CPU
		{CC09BD19-5330-4320-AA9C-21DABD07886C}.Release|x86.Build.0 = Release|Any CPU
		{FA854CB7-72A5-4DA4-BD5B-EEF641DE85FD}.Debug|Any CPU.ActiveCfg = Debug|Any CPU
		{FA854CB7-72A5-4DA4-BD5B-EEF641DE85FD}.Debug|Any CPU.Build.0 = Debug|Any CPU
		{FA854CB7-72A5-4DA4-BD5B-EEF641DE85FD}.Debug|Any CPU.Deploy.0 = Debug|Any CPU
		{FA854CB7-72A5-4DA4-BD5B-EEF641DE85FD}.Debug|ARM.ActiveCfg = Debug|ARM
		{FA854CB7-72A5-4DA4-BD5B-EEF641DE85FD}.Debug|ARM.Build.0 = Debug|ARM
		{FA854CB7-72A5-4DA4-BD5B-EEF641DE85FD}.Debug|ARM.Deploy.0 = Debug|ARM
		{FA854CB7-72A5-4DA4-BD5B-EEF641DE85FD}.Debug|ARM64.ActiveCfg = Debug|ARM64
		{FA854CB7-72A5-4DA4-BD5B-EEF641DE85FD}.Debug|ARM64.Build.0 = Debug|ARM64
		{FA854CB7-72A5-4DA4-BD5B-EEF641DE85FD}.Debug|ARM64.Deploy.0 = Debug|ARM64
		{FA854CB7-72A5-4DA4-BD5B-EEF641DE85FD}.Debug|x64.ActiveCfg = Debug|x64
		{FA854CB7-72A5-4DA4-BD5B-EEF641DE85FD}.Debug|x64.Build.0 = Debug|x64
		{FA854CB7-72A5-4DA4-BD5B-EEF641DE85FD}.Debug|x64.Deploy.0 = Debug|x64
		{FA854CB7-72A5-4DA4-BD5B-EEF641DE85FD}.Debug|x86.ActiveCfg = Debug|x86
		{FA854CB7-72A5-4DA4-BD5B-EEF641DE85FD}.Debug|x86.Build.0 = Debug|x86
		{FA854CB7-72A5-4DA4-BD5B-EEF641DE85FD}.Debug|x86.Deploy.0 = Debug|x86
		{FA854CB7-72A5-4DA4-BD5B-EEF641DE85FD}.Release|Any CPU.ActiveCfg = Release|Any CPU
		{FA854CB7-72A5-4DA4-BD5B-EEF641DE85FD}.Release|Any CPU.Build.0 = Release|Any CPU
		{FA854CB7-72A5-4DA4-BD5B-EEF641DE85FD}.Release|Any CPU.Deploy.0 = Release|Any CPU
		{FA854CB7-72A5-4DA4-BD5B-EEF641DE85FD}.Release|ARM.ActiveCfg = Release|ARM
		{FA854CB7-72A5-4DA4-BD5B-EEF641DE85FD}.Release|ARM.Build.0 = Release|ARM
		{FA854CB7-72A5-4DA4-BD5B-EEF641DE85FD}.Release|ARM.Deploy.0 = Release|ARM
		{FA854CB7-72A5-4DA4-BD5B-EEF641DE85FD}.Release|ARM64.ActiveCfg = Release|ARM64
		{FA854CB7-72A5-4DA4-BD5B-EEF641DE85FD}.Release|ARM64.Build.0 = Release|ARM64
		{FA854CB7-72A5-4DA4-BD5B-EEF641DE85FD}.Release|ARM64.Deploy.0 = Release|ARM64
		{FA854CB7-72A5-4DA4-BD5B-EEF641DE85FD}.Release|x64.ActiveCfg = Release|x64
		{FA854CB7-72A5-4DA4-BD5B-EEF641DE85FD}.Release|x64.Build.0 = Release|x64
		{FA854CB7-72A5-4DA4-BD5B-EEF641DE85FD}.Release|x64.Deploy.0 = Release|x64
		{FA854CB7-72A5-4DA4-BD5B-EEF641DE85FD}.Release|x86.ActiveCfg = Release|x86
		{FA854CB7-72A5-4DA4-BD5B-EEF641DE85FD}.Release|x86.Build.0 = Release|x86
		{FA854CB7-72A5-4DA4-BD5B-EEF641DE85FD}.Release|x86.Deploy.0 = Release|x86
	EndGlobalSection
	GlobalSection(SolutionProperties) = preSolution
		HideSolutionNode = FALSE
	EndGlobalSection
	GlobalSection(ExtensibilityGlobals) = postSolution
		SolutionGuid = {C7172A12-76FB-4D66-87C0-E09BB15E6877}
	EndGlobalSection
EndGlobal
